
Microsoft Visual Studio Solution File, Format Version 12.00
# Visual Studio 15
VisualStudioVersion = 15.0.26124.0
MinimumVisualStudioVersion = 15.0.26124.0
Project("{FAE04EC0-301F-11D3-BF4B-00C04F79EFBC}") = "Bekk.Pact.Provider", "Bekk.Pact.Provider\Bekk.Pact.Provider.csproj", "{5AE1BEAB-409B-4B20-A3CD-F41F8E778A7B}"
EndProject
Project("{FAE04EC0-301F-11D3-BF4B-00C04F79EFBC}") = "Bekk.Pact.Consumer", "Bekk.Pact.Consumer\Bekk.Pact.Consumer.csproj", "{5AE1BEAB-409B-4B20-A3CD-F41F8E778A7B}"
EndProject
Project("{FAE04EC0-301F-11D3-BF4B-00C04F79EFBC}") = "Bekk.Pact.Common", "Bekk.Pact.Common\Bekk.Pact.Common.csproj", "{62FB8B31-219C-4A02-A66E-4FAF90AEBBBB}"
EndProject
Project("{FAE04EC0-301F-11D3-BF4B-00C04F79EFBC}") = "Bekk.Pact.Web", "Bekk.Pact.Web\Bekk.Pact.Web.csproj", "{C2352B8A-D8E3-4D82-AFF6-DC023D87744B}"
EndProject

Global
	GlobalSection(SolutionConfigurationPlatforms) = preSolution
		Debug|Any CPU = Debug|Any CPU
		Debug|x64 = Debug|x64
		Debug|x86 = Debug|x86
		Release|Any CPU = Release|Any CPU
		Release|x64 = Release|x64
		Release|x86 = Release|x86
	EndGlobalSection
	GlobalSection(SolutionProperties) = preSolution
		HideSolutionNode = FALSE
	EndGlobalSection
	GlobalSection(ProjectConfigurationPlatforms) = postSolution
		{5AE1BEAB-409B-4B20-A3CD-F41F8E778A7B}.Debug|Any CPU.ActiveCfg = Debug|Any CPU
		{5AE1BEAB-409B-4B20-A3CD-F41F8E778A7B}.Debug|Any CPU.Build.0 = Debug|Any CPU
		{5AE1BEAB-409B-4B20-A3CD-F41F8E778A7B}.Debug|x64.ActiveCfg = Debug|x64
		{5AE1BEAB-409B-4B20-A3CD-F41F8E778A7B}.Debug|x64.Build.0 = Debug|x64
		{5AE1BEAB-409B-4B20-A3CD-F41F8E778A7B}.Debug|x86.ActiveCfg = Debug|x86
		{5AE1BEAB-409B-4B20-A3CD-F41F8E778A7B}.Debug|x86.Build.0 = Debug|x86
		{5AE1BEAB-409B-4B20-A3CD-F41F8E778A7B}.Release|Any CPU.ActiveCfg = Release|Any CPU
		{5AE1BEAB-409B-4B20-A3CD-F41F8E778A7B}.Release|Any CPU.Build.0 = Release|Any CPU
		{5AE1BEAB-409B-4B20-A3CD-F41F8E778A7B}.Release|x64.ActiveCfg = Release|x64
		{5AE1BEAB-409B-4B20-A3CD-F41F8E778A7B}.Release|x64.Build.0 = Release|x64
		{5AE1BEAB-409B-4B20-A3CD-F41F8E778A7B}.Release|x86.ActiveCfg = Release|x86
		{5AE1BEAB-409B-4B20-A3CD-F41F8E778A7B}.Release|x86.Build.0 = Release|x86
		{62FB8B31-219C-4A02-A66E-4FAF90AEBBBB}.Debug|Any CPU.ActiveCfg = Debug|Any CPU
		{62FB8B31-219C-4A02-A66E-4FAF90AEBBBB}.Debug|Any CPU.Build.0 = Debug|Any CPU
		{62FB8B31-219C-4A02-A66E-4FAF90AEBBBB}.Debug|x64.ActiveCfg = Debug|x64
		{62FB8B31-219C-4A02-A66E-4FAF90AEBBBB}.Debug|x64.Build.0 = Debug|x64
		{62FB8B31-219C-4A02-A66E-4FAF90AEBBBB}.Debug|x86.ActiveCfg = Debug|x86
		{62FB8B31-219C-4A02-A66E-4FAF90AEBBBB}.Debug|x86.Build.0 = Debug|x86
		{62FB8B31-219C-4A02-A66E-4FAF90AEBBBB}.Release|Any CPU.ActiveCfg = Release|Any CPU
		{62FB8B31-219C-4A02-A66E-4FAF90AEBBBB}.Release|Any CPU.Build.0 = Release|Any CPU
		{62FB8B31-219C-4A02-A66E-4FAF90AEBBBB}.Release|x64.ActiveCfg = Release|x64
		{62FB8B31-219C-4A02-A66E-4FAF90AEBBBB}.Release|x64.Build.0 = Release|x64
		{62FB8B31-219C-4A02-A66E-4FAF90AEBBBB}.Release|x86.ActiveCfg = Release|x86
		{62FB8B31-219C-4A02-A66E-4FAF90AEBBBB}.Release|x86.Build.0 = Release|x86
		{C2352B8A-D8E3-4D82-AFF6-DC023D87744B}.Debug|Any CPU.ActiveCfg = Debug|Any CPU
		{C2352B8A-D8E3-4D82-AFF6-DC023D87744B}.Debug|Any CPU.Build.0 = Debug|Any CPU
		{C2352B8A-D8E3-4D82-AFF6-DC023D87744B}.Debug|x64.ActiveCfg = Debug|x64
		{C2352B8A-D8E3-4D82-AFF6-DC023D87744B}.Debug|x64.Build.0 = Debug|x64
		{C2352B8A-D8E3-4D82-AFF6-DC023D87744B}.Debug|x86.ActiveCfg = Debug|x86
		{C2352B8A-D8E3-4D82-AFF6-DC023D87744B}.Debug|x86.Build.0 = Debug|x86
		{C2352B8A-D8E3-4D82-AFF6-DC023D87744B}.Release|Any CPU.ActiveCfg = Release|Any CPU
		{C2352B8A-D8E3-4D82-AFF6-DC023D87744B}.Release|Any CPU.Build.0 = Release|Any CPU
		{C2352B8A-D8E3-4D82-AFF6-DC023D87744B}.Release|x64.ActiveCfg = Release|x64
		{C2352B8A-D8E3-4D82-AFF6-DC023D87744B}.Release|x64.Build.0 = Release|x64
		{C2352B8A-D8E3-4D82-AFF6-DC023D87744B}.Release|x86.ActiveCfg = Release|x86
		{C2352B8A-D8E3-4D82-AFF6-DC023D87744B}.Release|x86.Build.0 = Release|x86
		{FD4335A7-9753-4DFC-952D-AC77E333781F}.Debug|Any CPU.ActiveCfg = Debug|Any CPU
		{FD4335A7-9753-4DFC-952D-AC77E333781F}.Debug|Any CPU.Build.0 = Debug|Any CPU
		{FD4335A7-9753-4DFC-952D-AC77E333781F}.Debug|x64.ActiveCfg = Debug|x64
		{FD4335A7-9753-4DFC-952D-AC77E333781F}.Debug|x64.Build.0 = Debug|x64
		{FD4335A7-9753-4DFC-952D-AC77E333781F}.Debug|x86.ActiveCfg = Debug|x86
		{FD4335A7-9753-4DFC-952D-AC77E333781F}.Debug|x86.Build.0 = Debug|x86
		{FD4335A7-9753-4DFC-952D-AC77E333781F}.Release|Any CPU.ActiveCfg = Release|Any CPU
		{FD4335A7-9753-4DFC-952D-AC77E333781F}.Release|Any CPU.Build.0 = Release|Any CPU
		{FD4335A7-9753-4DFC-952D-AC77E333781F}.Release|x64.ActiveCfg = Release|x64
		{FD4335A7-9753-4DFC-952D-AC77E333781F}.Release|x64.Build.0 = Release|x64
		{FD4335A7-9753-4DFC-952D-AC77E333781F}.Release|x86.ActiveCfg = Release|x86
		{FD4335A7-9753-4DFC-952D-AC77E333781F}.Release|x86.Build.0 = Release|x86
	EndGlobalSection
EndGlobal
